// !$*UTF8*$!
{
	archiveVersion = 1;
	classes = {
	};
	objectVersion = 47;
	objects = {

/* Begin PBXBuildFile section */
		2A1DFCDF1B414B9A00DC7CC4 /* Inheritance.swift in Sources */ = {isa = PBXBuildFile; fileRef = 2A1DFCDE1B414B9A00DC7CC4 /* Inheritance.swift */; };
		2A1DFCE11B4152C700DC7CC4 /* ControlFlow.swift in Sources */ = {isa = PBXBuildFile; fileRef = 2A1DFCE01B4152C700DC7CC4 /* ControlFlow.swift */; };
		2A8AE3401B21E8EF0028AD3B /* Closures.swift in Sources */ = {isa = PBXBuildFile; fileRef = 2A8AE33F1B21E8EF0028AD3B /* Closures.swift */; };
		2A8AE3411B21EA370028AD3B /* Closures.swift in Sources */ = {isa = PBXBuildFile; fileRef = 2A8AE33F1B21E8EF0028AD3B /* Closures.swift */; };
		2A8CC6DD1D084E4300777FE0 /* AllTests.swift in Sources */ = {isa = PBXBuildFile; fileRef = 8005B24A52E8E6BA1F4AF9EB /* AllTests.swift */; };
		2A8CC6DE1D084EDB00777FE0 /* Enum.swift in Sources */ = {isa = PBXBuildFile; fileRef = 8005BEDFF3E492C53DE16758 /* Enum.swift */; };
		2A8CC6E01D0850FB00777FE0 /* XFiles.swift in Sources */ = {isa = PBXBuildFile; fileRef = 2A8CC6DF1D0850FB00777FE0 /* XFiles.swift */; };
		2A99A9771B1CFE5200072E11 /* Classes.swift in Sources */ = {isa = PBXBuildFile; fileRef = 2A99A9761B1CFE5100072E11 /* Classes.swift */; };
		2A99A9791B1CFEA900072E11 /* Structures.swift in Sources */ = {isa = PBXBuildFile; fileRef = 2A99A9781B1CFEA900072E11 /* Structures.swift */; };
		2A9ECB7F1B1CDFB1009E3A5D /* main.swift in Sources */ = {isa = PBXBuildFile; fileRef = 2A9ECB7E1B1CDFB1009E3A5D /* main.swift */; };
		2A9ECB891B1CE222009E3A5D /* Collections.swift in Sources */ = {isa = PBXBuildFile; fileRef = 2A9ECB881B1CE222009E3A5D /* Collections.swift */; };
		2A9ECB8B1B1CE2BC009E3A5D /* Variables.swift in Sources */ = {isa = PBXBuildFile; fileRef = 2A9ECB8A1B1CE2BC009E3A5D /* Variables.swift */; };
		2AB4B61F1B209EB6002B52C2 /* Classes.swift in Sources */ = {isa = PBXBuildFile; fileRef = 2A99A9761B1CFE5100072E11 /* Classes.swift */; };
		8005B57369778C3BDBE692BF /* Enum.swift in Sources */ = {isa = PBXBuildFile; fileRef = 8005BEDFF3E492C53DE16758 /* Enum.swift */; };
		C94D2EDEFDEB867157B33C60 /* XFiles.swift in Sources */ = {isa = PBXBuildFile; fileRef = 2A8CC6DF1D0850FB00777FE0 /* XFiles.swift */; };
/* End PBXBuildFile section */

/* Begin PBXCopyFilesBuildPhase section */
		2A9ECB791B1CDFB1009E3A5D /* CopyFiles */ = {
			isa = PBXCopyFilesBuildPhase;
			buildActionMask = 2147483647;
			dstPath = /usr/share/man/man1/;
			dstSubfolderSpec = 0;
			files = (
			);
			runOnlyForDeploymentPostprocessing = 1;
		};
/* End PBXCopyFilesBuildPhase section */

/* Begin PBXFileReference section */
		2A1DFCDE1B414B9A00DC7CC4 /* Inheritance.swift */ = {isa = PBXFileReference; fileEncoding = 4; lastKnownFileType = sourcecode.swift; path = Inheritance.swift; sourceTree = "<group>"; };
		2A1DFCE01B4152C700DC7CC4 /* ControlFlow.swift */ = {isa = PBXFileReference; fileEncoding = 4; lastKnownFileType = sourcecode.swift; path = ControlFlow.swift; sourceTree = "<group>"; };
		2A8AE33F1B21E8EF0028AD3B /* Closures.swift */ = {isa = PBXFileReference; fileEncoding = 4; lastKnownFileType = sourcecode.swift; path = Closures.swift; sourceTree = "<group>"; };
		2A8CC6DF1D0850FB00777FE0 /* XFiles.swift */ = {isa = PBXFileReference; fileEncoding = 4; lastKnownFileType = sourcecode.swift; path = XFiles.swift; sourceTree = "<group>"; };
		2A99A9761B1CFE5100072E11 /* Classes.swift */ = {isa = PBXFileReference; fileEncoding = 4; lastKnownFileType = sourcecode.swift; path = Classes.swift; sourceTree = "<group>"; };
		2A99A9781B1CFEA900072E11 /* Structures.swift */ = {isa = PBXFileReference; fileEncoding = 4; lastKnownFileType = sourcecode.swift; path = Structures.swift; sourceTree = "<group>"; };
		2A9ECB7B1B1CDFB1009E3A5D /* SwiftLearn */ = {isa = PBXFileReference; explicitFileType = "compiled.mach-o.executable"; includeInIndex = 0; path = SwiftLearn; sourceTree = BUILT_PRODUCTS_DIR; };
		2A9ECB7E1B1CDFB1009E3A5D /* main.swift */ = {isa = PBXFileReference; lastKnownFileType = sourcecode.swift; path = main.swift; sourceTree = "<group>"; };
		2A9ECB851B1CE00D009E3A5D /* README.md */ = {isa = PBXFileReference; fileEncoding = 4; lastKnownFileType = net.daringfireball.markdown; path = README.md; sourceTree = "<group>"; };
		2A9ECB871B1CE01D009E3A5D /* LICENSE */ = {isa = PBXFileReference; fileEncoding = 4; lastKnownFileType = text; path = LICENSE; sourceTree = "<group>"; };
		2A9ECB881B1CE222009E3A5D /* Collections.swift */ = {isa = PBXFileReference; fileEncoding = 4; lastKnownFileType = sourcecode.swift; path = Collections.swift; sourceTree = "<group>"; };
		2A9ECB8A1B1CE2BC009E3A5D /* Variables.swift */ = {isa = PBXFileReference; fileEncoding = 4; lastKnownFileType = sourcecode.swift; path = Variables.swift; sourceTree = "<group>"; };
		2AB4B6161B209A77002B52C2 /* SwiftLearnTests.xctest */ = {isa = PBXFileReference; explicitFileType = wrapper.cfbundle; includeInIndex = 0; path = SwiftLearnTests.xctest; sourceTree = BUILT_PRODUCTS_DIR; };
		2AB4B6191B209A77002B52C2 /* Info.plist */ = {isa = PBXFileReference; lastKnownFileType = text.plist.xml; path = Info.plist; sourceTree = "<group>"; };
		8005B24A52E8E6BA1F4AF9EB /* AllTests.swift */ = {isa = PBXFileReference; fileEncoding = 4; lastKnownFileType = sourcecode.swift; path = AllTests.swift; sourceTree = "<group>"; };
		8005BEDFF3E492C53DE16758 /* Enum.swift */ = {isa = PBXFileReference; fileEncoding = 4; lastKnownFileType = sourcecode.swift; path = Enum.swift; sourceTree = "<group>"; };
/* End PBXFileReference section */

/* Begin PBXFrameworksBuildPhase section */
		2A9ECB781B1CDFB1009E3A5D /* Frameworks */ = {
			isa = PBXFrameworksBuildPhase;
			buildActionMask = 2147483647;
			files = (
			);
			runOnlyForDeploymentPostprocessing = 0;
		};
		2AB4B6131B209A77002B52C2 /* Frameworks */ = {
			isa = PBXFrameworksBuildPhase;
			buildActionMask = 2147483647;
			files = (
			);
			runOnlyForDeploymentPostprocessing = 0;
		};
/* End PBXFrameworksBuildPhase section */

/* Begin PBXGroup section */
		2A9ECB721B1CDFB1009E3A5D = {
			isa = PBXGroup;
			children = (
				2A9ECB871B1CE01D009E3A5D /* LICENSE */,
				2A9ECB851B1CE00D009E3A5D /* README.md */,
				2A9ECB7D1B1CDFB1009E3A5D /* SwiftLearn */,
				2AB4B6171B209A77002B52C2 /* SwiftLearnTests */,
				2A9ECB7C1B1CDFB1009E3A5D /* Products */,
			);
			sourceTree = "<group>";
		};
		2A9ECB7C1B1CDFB1009E3A5D /* Products */ = {
			isa = PBXGroup;
			children = (
				2A9ECB7B1B1CDFB1009E3A5D /* SwiftLearn */,
				2AB4B6161B209A77002B52C2 /* SwiftLearnTests.xctest */,
			);
			name = Products;
			sourceTree = "<group>";
		};
		2A9ECB7D1B1CDFB1009E3A5D /* SwiftLearn */ = {
			isa = PBXGroup;
			children = (
				2A9ECB7E1B1CDFB1009E3A5D /* main.swift */,
				2A9ECB881B1CE222009E3A5D /* Collections.swift */,
				2A9ECB8A1B1CE2BC009E3A5D /* Variables.swift */,
				2A99A9761B1CFE5100072E11 /* Classes.swift */,
				2A99A9781B1CFEA900072E11 /* Structures.swift */,
				2A8AE33F1B21E8EF0028AD3B /* Closures.swift */,
				2A1DFCDE1B414B9A00DC7CC4 /* Inheritance.swift */,
				2A1DFCE01B4152C700DC7CC4 /* ControlFlow.swift */,
				8005BEDFF3E492C53DE16758 /* Enum.swift */,
				2A8CC6DF1D0850FB00777FE0 /* XFiles.swift */,
			);
			path = SwiftLearn;
			sourceTree = "<group>";
		};
		2AB4B6171B209A77002B52C2 /* SwiftLearnTests */ = {
			isa = PBXGroup;
			children = (
				2AB4B6181B209A77002B52C2 /* Supporting Files */,
				8005B24A52E8E6BA1F4AF9EB /* AllTests.swift */,
			);
			path = SwiftLearnTests;
			sourceTree = "<group>";
		};
		2AB4B6181B209A77002B52C2 /* Supporting Files */ = {
			isa = PBXGroup;
			children = (
				2AB4B6191B209A77002B52C2 /* Info.plist */,
			);
			name = "Supporting Files";
			sourceTree = "<group>";
		};
/* End PBXGroup section */

/* Begin PBXNativeTarget section */
		2A9ECB7A1B1CDFB1009E3A5D /* SwiftLearn */ = {
			isa = PBXNativeTarget;
			buildConfigurationList = 2A9ECB821B1CDFB1009E3A5D /* Build configuration list for PBXNativeTarget "SwiftLearn" */;
			buildPhases = (
				2A9ECB771B1CDFB1009E3A5D /* Sources */,
				2A9ECB781B1CDFB1009E3A5D /* Frameworks */,
				2A9ECB791B1CDFB1009E3A5D /* CopyFiles */,
			);
			buildRules = (
			);
			dependencies = (
			);
			name = SwiftLearn;
			productName = SwiftLearn;
			productReference = 2A9ECB7B1B1CDFB1009E3A5D /* SwiftLearn */;
			productType = "com.apple.product-type.tool";
		};
		2AB4B6151B209A77002B52C2 /* SwiftLearnTests */ = {
			isa = PBXNativeTarget;
			buildConfigurationList = 2AB4B61C1B209A77002B52C2 /* Build configuration list for PBXNativeTarget "SwiftLearnTests" */;
			buildPhases = (
				2AB4B6121B209A77002B52C2 /* Sources */,
				2AB4B6131B209A77002B52C2 /* Frameworks */,
				2AB4B6141B209A77002B52C2 /* Resources */,
			);
			buildRules = (
			);
			dependencies = (
			);
			name = SwiftLearnTests;
			productName = SwiftLearnTests;
			productReference = 2AB4B6161B209A77002B52C2 /* SwiftLearnTests.xctest */;
			productType = "com.apple.product-type.bundle.unit-test";
		};
/* End PBXNativeTarget section */

/* Begin PBXProject section */
		2A9ECB731B1CDFB1009E3A5D /* Project object */ = {
			isa = PBXProject;
			attributes = {
				LastSwiftMigration = 0700;
				LastSwiftUpdateCheck = 0700;
				LastUpgradeCheck = 0900;
				ORGANIZATIONNAME = "Alessio Saltarin";
				TargetAttributes = {
					2A9ECB7A1B1CDFB1009E3A5D = {
						CreatedOnToolsVersion = 6.3.2;
						LastSwiftMigration = 0900;
					};
					2AB4B6151B209A77002B52C2 = {
						CreatedOnToolsVersion = 6.3.2;
						LastSwiftMigration = 0900;
					};
				};
			};
			buildConfigurationList = 2A9ECB761B1CDFB1009E3A5D /* Build configuration list for PBXProject "SwiftLearn" */;
			compatibilityVersion = "Xcode 6.3";
			developmentRegion = English;
			hasScannedForEncodings = 0;
			knownRegions = (
				en,
			);
			mainGroup = 2A9ECB721B1CDFB1009E3A5D;
			productRefGroup = 2A9ECB7C1B1CDFB1009E3A5D /* Products */;
			projectDirPath = "";
			projectRoot = "";
			targets = (
				2A9ECB7A1B1CDFB1009E3A5D /* SwiftLearn */,
				2AB4B6151B209A77002B52C2 /* SwiftLearnTests */,
			);
		};
/* End PBXProject section */

/* Begin PBXResourcesBuildPhase section */
		2AB4B6141B209A77002B52C2 /* Resources */ = {
			isa = PBXResourcesBuildPhase;
			buildActionMask = 2147483647;
			files = (
			);
			runOnlyForDeploymentPostprocessing = 0;
		};
/* End PBXResourcesBuildPhase section */

/* Begin PBXSourcesBuildPhase section */
		2A9ECB771B1CDFB1009E3A5D /* Sources */ = {
			isa = PBXSourcesBuildPhase;
			buildActionMask = 2147483647;
			files = (
				2A9ECB891B1CE222009E3A5D /* Collections.swift in Sources */,
				2A8AE3401B21E8EF0028AD3B /* Closures.swift in Sources */,
				2A9ECB7F1B1CDFB1009E3A5D /* main.swift in Sources */,
				2A1DFCE11B4152C700DC7CC4 /* ControlFlow.swift in Sources */,
				2A9ECB8B1B1CE2BC009E3A5D /* Variables.swift in Sources */,
				2A99A9771B1CFE5200072E11 /* Classes.swift in Sources */,
				2A1DFCDF1B414B9A00DC7CC4 /* Inheritance.swift in Sources */,
				2A8CC6E01D0850FB00777FE0 /* XFiles.swift in Sources */,
				2A99A9791B1CFEA900072E11 /* Structures.swift in Sources */,
				8005B57369778C3BDBE692BF /* Enum.swift in Sources */,
			);
			runOnlyForDeploymentPostprocessing = 0;
		};
		2AB4B6121B209A77002B52C2 /* Sources */ = {
			isa = PBXSourcesBuildPhase;
			buildActionMask = 2147483647;
			files = (
				2A8CC6DE1D084EDB00777FE0 /* Enum.swift in Sources */,
				2A8CC6DD1D084E4300777FE0 /* AllTests.swift in Sources */,
				2AB4B61F1B209EB6002B52C2 /* Classes.swift in Sources */,
				2A8AE3411B21EA370028AD3B /* Closures.swift in Sources */,
				C94D2EDEFDEB867157B33C60 /* XFiles.swift in Sources */,
			);
			runOnlyForDeploymentPostprocessing = 0;
		};
/* End PBXSourcesBuildPhase section */

/* Begin XCBuildConfiguration section */
		2A9ECB801B1CDFB1009E3A5D /* Debug */ = {
			isa = XCBuildConfiguration;
			buildSettings = {
				ALWAYS_SEARCH_USER_PATHS = NO;
				CLANG_CXX_LANGUAGE_STANDARD = "gnu++0x";
				CLANG_CXX_LIBRARY = "libc++";
				CLANG_ENABLE_MODULES = YES;
				CLANG_ENABLE_OBJC_ARC = YES;
				CLANG_WARN_BLOCK_CAPTURE_AUTORELEASING = YES;
				CLANG_WARN_BOOL_CONVERSION = YES;
				CLANG_WARN_COMMA = YES;
				CLANG_WARN_CONSTANT_CONVERSION = YES;
				CLANG_WARN_DIRECT_OBJC_ISA_USAGE = YES_ERROR;
				CLANG_WARN_EMPTY_BODY = YES;
				CLANG_WARN_ENUM_CONVERSION = YES;
				CLANG_WARN_INFINITE_RECURSION = YES;
				CLANG_WARN_INT_CONVERSION = YES;
				CLANG_WARN_NON_LITERAL_NULL_CONVERSION = YES;
				CLANG_WARN_OBJC_LITERAL_CONVERSION = YES;
				CLANG_WARN_OBJC_ROOT_CLASS = YES_ERROR;
				CLANG_WARN_RANGE_LOOP_ANALYSIS = YES;
				CLANG_WARN_STRICT_PROTOTYPES = YES;
				CLANG_WARN_SUSPICIOUS_MOVE = YES;
				CLANG_WARN_UNREACHABLE_CODE = YES;
				CLANG_WARN__DUPLICATE_METHOD_MATCH = YES;
				COPY_PHASE_STRIP = NO;
				DEBUG_INFORMATION_FORMAT = dwarf;
				ENABLE_STRICT_OBJC_MSGSEND = YES;
				ENABLE_TESTABILITY = YES;
				GCC_C_LANGUAGE_STANDARD = gnu99;
				GCC_DYNAMIC_NO_PIC = NO;
				GCC_NO_COMMON_BLOCKS = YES;
				GCC_OPTIMIZATION_LEVEL = 0;
				GCC_PREPROCESSOR_DEFINITIONS = (
					"DEBUG=1",
					"$(inherited)",
				);
				GCC_SYMBOLS_PRIVATE_EXTERN = NO;
				GCC_WARN_64_TO_32_BIT_CONVERSION = YES;
				GCC_WARN_ABOUT_RETURN_TYPE = YES_ERROR;
				GCC_WARN_UNDECLARED_SELECTOR = YES;
				GCC_WARN_UNINITIALIZED_AUTOS = YES_AGGRESSIVE;
				GCC_WARN_UNUSED_FUNCTION = YES;
				GCC_WARN_UNUSED_VARIABLE = YES;
				MACOSX_DEPLOYMENT_TARGET = 10.10;
				MTL_ENABLE_DEBUG_INFO = YES;
				ONLY_ACTIVE_ARCH = YES;
				SDKROOT = macosx;
				SWIFT_OPTIMIZATION_LEVEL = "-Onone";
			};
			name = Debug;
		};
		2A9ECB811B1CDFB1009E3A5D /* Release */ = {
			isa = XCBuildConfiguration;
			buildSettings = {
				ALWAYS_SEARCH_USER_PATHS = NO;
				CLANG_CXX_LANGUAGE_STANDARD = "gnu++0x";
				CLANG_CXX_LIBRARY = "libc++";
				CLANG_ENABLE_MODULES = YES;
				CLANG_ENABLE_OBJC_ARC = YES;
				CLANG_WARN_BLOCK_CAPTURE_AUTORELEASING = YES;
				CLANG_WARN_BOOL_CONVERSION = YES;
				CLANG_WARN_COMMA = YES;
				CLANG_WARN_CONSTANT_CONVERSION = YES;
				CLANG_WARN_DIRECT_OBJC_ISA_USAGE = YES_ERROR;
				CLANG_WARN_EMPTY_BODY = YES;
				CLANG_WARN_ENUM_CONVERSION = YES;
				CLANG_WARN_INFINITE_RECURSION = YES;
				CLANG_WARN_INT_CONVERSION = YES;
				CLANG_WARN_NON_LITERAL_NULL_CONVERSION = YES;
				CLANG_WARN_OBJC_LITERAL_CONVERSION = YES;
				CLANG_WARN_OBJC_ROOT_CLASS = YES_ERROR;
				CLANG_WARN_RANGE_LOOP_ANALYSIS = YES;
				CLANG_WARN_STRICT_PROTOTYPES = YES;
				CLANG_WARN_SUSPICIOUS_MOVE = YES;
				CLANG_WARN_UNREACHABLE_CODE = YES;
				CLANG_WARN__DUPLICATE_METHOD_MATCH = YES;
				COPY_PHASE_STRIP = NO;
				DEBUG_INFORMATION_FORMAT = "dwarf-with-dsym";
				ENABLE_NS_ASSERTIONS = NO;
				ENABLE_STRICT_OBJC_MSGSEND = YES;
				GCC_C_LANGUAGE_STANDARD = gnu99;
				GCC_NO_COMMON_BLOCKS = YES;
				GCC_WARN_64_TO_32_BIT_CONVERSION = YES;
				GCC_WARN_ABOUT_RETURN_TYPE = YES_ERROR;
				GCC_WARN_UNDECLARED_SELECTOR = YES;
				GCC_WARN_UNINITIALIZED_AUTOS = YES_AGGRESSIVE;
				GCC_WARN_UNUSED_FUNCTION = YES;
				GCC_WARN_UNUSED_VARIABLE = YES;
				MACOSX_DEPLOYMENT_TARGET = 10.10;
				MTL_ENABLE_DEBUG_INFO = NO;
				SDKROOT = macosx;
				SWIFT_OPTIMIZATION_LEVEL = "-Owholemodule";
			};
			name = Release;
		};
		2A9ECB831B1CDFB1009E3A5D /* Debug */ = {
			isa = XCBuildConfiguration;
			buildSettings = {
				PRODUCT_NAME = "$(TARGET_NAME)";
				SWIFT_SWIFT3_OBJC_INFERENCE = Default;
				SWIFT_VERSION = 4.0;
			};
			name = Debug;
		};
		2A9ECB841B1CDFB1009E3A5D /* Release */ = {
			isa = XCBuildConfiguration;
			buildSettings = {
				PRODUCT_NAME = "$(TARGET_NAME)";
				SWIFT_SWIFT3_OBJC_INFERENCE = Default;
				SWIFT_VERSION = 4.0;
			};
			name = Release;
		};
		2AB4B61D1B209A77002B52C2 /* Debug */ = {
			isa = XCBuildConfiguration;
			buildSettings = {
				COMBINE_HIDPI_IMAGES = YES;
				FRAMEWORK_SEARCH_PATHS = (
					"$(DEVELOPER_FRAMEWORKS_DIR)",
					"$(inherited)",
				);
				GCC_PREPROCESSOR_DEFINITIONS = (
					"DEBUG=1",
					"$(inherited)",
				);
				INFOPLIST_FILE = SwiftLearnTests/Info.plist;
				LD_RUNPATH_SEARCH_PATHS = "$(inherited) @executable_path/../Frameworks @loader_path/../Frameworks";
				PRODUCT_BUNDLE_IDENTIFIER = "LittleLite.$(PRODUCT_NAME:rfc1034identifier)";
				PRODUCT_NAME = "$(TARGET_NAME)";
				SWIFT_SWIFT3_OBJC_INFERENCE = Default;
				SWIFT_VERSION = 4.0;
			};
			name = Debug;
		};
		2AB4B61E1B209A77002B52C2 /* Release */ = {
			isa = XCBuildConfiguration;
			buildSettings = {
				COMBINE_HIDPI_IMAGES = YES;
				FRAMEWORK_SEARCH_PATHS = (
					"$(DEVELOPER_FRAMEWORKS_DIR)",
					"$(inherited)",
				);
				INFOPLIST_FILE = SwiftLearnTests/Info.plist;
				LD_RUNPATH_SEARCH_PATHS = "$(inherited) @executable_path/../Frameworks @loader_path/../Frameworks";
				PRODUCT_BUNDLE_IDENTIFIER = "LittleLite.$(PRODUCT_NAME:rfc1034identifier)";
				PRODUCT_NAME = "$(TARGET_NAME)";
				SWIFT_SWIFT3_OBJC_INFERENCE = Default;
				SWIFT_VERSION = 4.0;
			};
			name = Release;
		};
/* End XCBuildConfiguration section */

/* Begin XCConfigurationList section */
		2A9ECB761B1CDFB1009E3A5D /* Build configuration list for PBXProject "SwiftLearn" */ = {
			isa = XCConfigurationList;
			buildConfigurations = (
				2A9ECB801B1CDFB1009E3A5D /* Debug */,
				2A9ECB811B1CDFB1009E3A5D /* Release */,
			);
			defaultConfigurationIsVisible = 0;
			defaultConfigurationName = Release;
		};
		2A9ECB821B1CDFB1009E3A5D /* Build configuration list for PBXNativeTarget "SwiftLearn" */ = {
			isa = XCConfigurationList;
			buildConfigurations = (
				2A9ECB831B1CDFB1009E3A5D /* Debug */,
				2A9ECB841B1CDFB1009E3A5D /* Release */,
			);
			defaultConfigurationIsVisible = 0;
			defaultConfigurationName = Release;
		};
		2AB4B61C1B209A77002B52C2 /* Build configuration list for PBXNativeTarget "SwiftLearnTests" */ = {
			isa = XCConfigurationList;
			buildConfigurations = (
				2AB4B61D1B209A77002B52C2 /* Debug */,
				2AB4B61E1B209A77002B52C2 /* Release */,
			);
			defaultConfigurationIsVisible = 0;
			defaultConfigurationName = Release;
		};
/* End XCConfigurationList section */
	};
	rootObject = 2A9ECB731B1CDFB1009E3A5D /* Project object */;
}
